
Microsoft Visual Studio Solution File, Format Version 12.00
# Visual Studio Version 17
VisualStudioVersion = 17.13.35931.197
MinimumVisualStudioVersion = 10.0.40219.1
Project("{FAE04EC0-301F-11D3-BF4B-00C04F79EFBC}") = "NeuroPi.UserManagment", "NeuroPi\NeuroPi.UserManagment.csproj", "{B37C3B33-A9C0-4726-A315-FD8866C95ED2}"
EndProject
Project("{FAE04EC0-301F-11D3-BF4B-00C04F79EFBC}") = "SchoolManagement", "SchoolManagement\SchoolManagement.csproj", "{DCB6E633-5C11-43F0-9525-BE88FBA1E674}"
EndProject
Project("{FAE04EC0-301F-11D3-BF4B-00C04F79EFBC}") = "NeuroPi.Nutrition", "NeuroPi.Nutrition\NeuroPi.Nutrition.csproj", "{D960BD14-746C-4D80-A06F-D6A81F5AC330}"
EndProject
Project("{FAE04EC0-301F-11D3-BF4B-00C04F79EFBC}") = "NeuropiCommonLib", "NeuropiCommonLib\NeuropiCommonLib.csproj", "{777D2AC3-F899-43B3-8AE7-7D17666FDCF5}"
EndProject
Global
	GlobalSection(SolutionConfigurationPlatforms) = preSolution
		Debug|Any CPU = Debug|Any CPU
		Release|Any CPU = Release|Any CPU
	EndGlobalSection
	GlobalSection(ProjectConfigurationPlatforms) = postSolution
		{B37C3B33-A9C0-4726-A315-FD8866C95ED2}.Debug|Any CPU.ActiveCfg = Debug|Any CPU
		{B37C3B33-A9C0-4726-A315-FD8866C95ED2}.Debug|Any CPU.Build.0 = Debug|Any CPU
		{B37C3B33-A9C0-4726-A315-FD8866C95ED2}.Release|Any CPU.ActiveCfg = Release|Any CPU
		{B37C3B33-A9C0-4726-A315-FD8866C95ED2}.Release|Any CPU.Build.0 = Release|Any CPU
		{DCB6E633-5C11-43F0-9525-BE88FBA1E674}.Debug|Any CPU.ActiveCfg = Debug|Any CPU
		{DCB6E633-5C11-43F0-9525-BE88FBA1E674}.Debug|Any CPU.Build.0 = Debug|Any CPU
		{DCB6E633-5C11-43F0-9525-BE88FBA1E674}.Release|Any CPU.ActiveCfg = Release|Any CPU
		{DCB6E633-5C11-43F0-9525-BE88FBA1E674}.Release|Any CPU.Build.0 = Release|Any CPU
		{D960BD14-746C-4D80-A06F-D6A81F5AC330}.Debug|Any CPU.ActiveCfg = Debug|Any CPU
		{D960BD14-746C-4D80-A06F-D6A81F5AC330}.Debug|Any CPU.Build.0 = Debug|Any CPU
		{D960BD14-746C-4D80-A06F-D6A81F5AC330}.Release|Any CPU.ActiveCfg = Release|Any CPU
		{D960BD14-746C-4D80-A06F-D6A81F5AC330}.Release|Any CPU.Build.0 = Release|Any CPU
		{777D2AC3-F899-43B3-8AE7-7D17666FDCF5}.Debug|Any CPU.ActiveCfg = Debug|Any CPU
		{777D2AC3-F899-43B3-8AE7-7D17666FDCF5}.Debug|Any CPU.Build.0 = Debug|Any CPU
		{777D2AC3-F899-43B3-8AE7-7D17666FDCF5}.Release|Any CPU.ActiveCfg = Release|Any CPU
		{777D2AC3-F899-43B3-8AE7-7D17666FDCF5}.Release|Any CPU.Build.0 = Release|Any CPU
	EndGlobalSection
	GlobalSection(SolutionProperties) = preSolution
		HideSolutionNode = FALSE
	EndGlobalSection
	GlobalSection(ExtensibilityGlobals) = postSolution
		SolutionGuid = {53EF9397-7D66-4BEA-92A8-42AF8A19E14B}
	EndGlobalSection
EndGlobal
